
Microsoft Visual Studio Solution File, Format Version 12.00
# Visual Studio Version 17
VisualStudioVersion = 17.8.34511.84
MinimumVisualStudioVersion = 10.0.40219.1
Project("{FAE04EC0-301F-11D3-BF4B-00C04F79EFBC}") = "ConsoleApp1", "ConsoleApp1\ConsoleApp1.csproj", "{88B10C43-7F83-4F46-A31D-A59AEC71C890}"
EndProject
Global
	GlobalSection(SolutionConfigurationPlatforms) = preSolution
		Debug|Any CPU = Debug|Any CPU
		Release|Any CPU = Release|Any CPU
	EndGlobalSection
	GlobalSection(ProjectConfigurationPlatforms) = postSolution
		{88B10C43-7F83-4F46-A31D-A59AEC71C890}.Debug|Any CPU.ActiveCfg = Debug|Any CPU
		{88B10C43-7F83-4F46-A31D-A59AEC71C890}.Debug|Any CPU.Build.0 = Debug|Any CPU
		{88B10C43-7F83-4F46-A31D-A59AEC71C890}.Release|Any CPU.ActiveCfg = Release|Any CPU
		{88B10C43-7F83-4F46-A31D-A59AEC71C890}.Release|Any CPU.Build.0 = Release|Any CPU
	EndGlobalSection
	GlobalSection(SolutionProperties) = preSolution
		HideSolutionNode = FALSE
	EndGlobalSection
	GlobalSection(ExtensibilityGlobals) = postSolution
		SolutionGuid = {4C27E34C-27A0-4DE8-9744-83A5269A1A40}
	EndGlobalSection
EndGlobal
